
Microsoft Visual Studio Solution File, Format Version 12.00
# Visual Studio Version 17
VisualStudioVersion = 17.3.32929.385
MinimumVisualStudioVersion = 10.0.40219.1
Project("{FAE04EC0-301F-11D3-BF4B-00C04F79EFBC}") = "Slayt4_1.4", "Slayt4_1.4.csproj", "{33DC138D-1999-40ED-BE50-6B42350D3047}"
EndProject
Global
	GlobalSection(SolutionConfigurationPlatforms) = preSolution
		Debug|Any CPU = Debug|Any CPU
		Release|Any CPU = Release|Any CPU
	EndGlobalSection
	GlobalSection(ProjectConfigurationPlatforms) = postSolution
		{33DC138D-1999-40ED-BE50-6B42350D3047}.Debug|Any CPU.ActiveCfg = Debug|Any CPU
		{33DC138D-1999-40ED-BE50-6B42350D3047}.Debug|Any CPU.Build.0 = Debug|Any CPU
		{33DC138D-1999-40ED-BE50-6B42350D3047}.Release|Any CPU.ActiveCfg = Release|Any CPU
		{33DC138D-1999-40ED-BE50-6B42350D3047}.Release|Any CPU.Build.0 = Release|Any CPU
	EndGlobalSection
	GlobalSection(SolutionProperties) = preSolution
		HideSolutionNode = FALSE
	EndGlobalSection
	GlobalSection(ExtensibilityGlobals) = postSolution
		SolutionGuid = {42B8AB17-7345-461C-9546-D7F82FD6D7AE}
	EndGlobalSection
EndGlobal
