
Microsoft Visual Studio Solution File, Format Version 12.00
# Visual Studio Version 17
VisualStudioVersion = 17.3.32929.385
MinimumVisualStudioVersion = 10.0.40219.1
Project("{FAE04EC0-301F-11D3-BF4B-00C04F79EFBC}") = "Slayt4_1.3", "Slayt4_1.3.csproj", "{3C3D09AD-23EF-43F3-B4FC-FCE88AAFEBFB}"
EndProject
Global
	GlobalSection(SolutionConfigurationPlatforms) = preSolution
		Debug|Any CPU = Debug|Any CPU
		Release|Any CPU = Release|Any CPU
	EndGlobalSection
	GlobalSection(ProjectConfigurationPlatforms) = postSolution
		{3C3D09AD-23EF-43F3-B4FC-FCE88AAFEBFB}.Debug|Any CPU.ActiveCfg = Debug|Any CPU
		{3C3D09AD-23EF-43F3-B4FC-FCE88AAFEBFB}.Debug|Any CPU.Build.0 = Debug|Any CPU
		{3C3D09AD-23EF-43F3-B4FC-FCE88AAFEBFB}.Release|Any CPU.ActiveCfg = Release|Any CPU
		{3C3D09AD-23EF-43F3-B4FC-FCE88AAFEBFB}.Release|Any CPU.Build.0 = Release|Any CPU
	EndGlobalSection
	GlobalSection(SolutionProperties) = preSolution
		HideSolutionNode = FALSE
	EndGlobalSection
	GlobalSection(ExtensibilityGlobals) = postSolution
		SolutionGuid = {2F355C66-6BF7-4DB8-8A0C-B96B42E80BDF}
	EndGlobalSection
EndGlobal
