
Microsoft Visual Studio Solution File, Format Version 12.00
# Visual Studio Version 17
VisualStudioVersion = 17.3.32929.385
MinimumVisualStudioVersion = 10.0.40219.1
Project("{FAE04EC0-301F-11D3-BF4B-00C04F79EFBC}") = "Slayt10_1.1", "Slayt10_1.1.csproj", "{A9FA2E65-9EEA-4374-A388-64101FA5704E}"
EndProject
Global
	GlobalSection(SolutionConfigurationPlatforms) = preSolution
		Debug|Any CPU = Debug|Any CPU
		Release|Any CPU = Release|Any CPU
	EndGlobalSection
	GlobalSection(ProjectConfigurationPlatforms) = postSolution
		{A9FA2E65-9EEA-4374-A388-64101FA5704E}.Debug|Any CPU.ActiveCfg = Debug|Any CPU
		{A9FA2E65-9EEA-4374-A388-64101FA5704E}.Debug|Any CPU.Build.0 = Debug|Any CPU
		{A9FA2E65-9EEA-4374-A388-64101FA5704E}.Release|Any CPU.ActiveCfg = Release|Any CPU
		{A9FA2E65-9EEA-4374-A388-64101FA5704E}.Release|Any CPU.Build.0 = Release|Any CPU
	EndGlobalSection
	GlobalSection(SolutionProperties) = preSolution
		HideSolutionNode = FALSE
	EndGlobalSection
	GlobalSection(ExtensibilityGlobals) = postSolution
		SolutionGuid = {6C71F2B1-C0F4-4E21-9DD9-F6809B9E4F82}
	EndGlobalSection
EndGlobal
