
Microsoft Visual Studio Solution File, Format Version 12.00
# Visual Studio Version 17
VisualStudioVersion = 17.3.32929.385
MinimumVisualStudioVersion = 10.0.40219.1
Project("{FAE04EC0-301F-11D3-BF4B-00C04F79EFBC}") = "Slayt7_1.4", "Slayt7_1.4.csproj", "{147DE310-9D50-4D47-867E-0F0ECB50F812}"
EndProject
Global
	GlobalSection(SolutionConfigurationPlatforms) = preSolution
		Debug|Any CPU = Debug|Any CPU
		Release|Any CPU = Release|Any CPU
	EndGlobalSection
	GlobalSection(ProjectConfigurationPlatforms) = postSolution
		{147DE310-9D50-4D47-867E-0F0ECB50F812}.Debug|Any CPU.ActiveCfg = Debug|Any CPU
		{147DE310-9D50-4D47-867E-0F0ECB50F812}.Debug|Any CPU.Build.0 = Debug|Any CPU
		{147DE310-9D50-4D47-867E-0F0ECB50F812}.Release|Any CPU.ActiveCfg = Release|Any CPU
		{147DE310-9D50-4D47-867E-0F0ECB50F812}.Release|Any CPU.Build.0 = Release|Any CPU
	EndGlobalSection
	GlobalSection(SolutionProperties) = preSolution
		HideSolutionNode = FALSE
	EndGlobalSection
	GlobalSection(ExtensibilityGlobals) = postSolution
		SolutionGuid = {BCC9A412-6BF1-4579-A3F1-E67521F3186B}
	EndGlobalSection
EndGlobal
