
Microsoft Visual Studio Solution File, Format Version 12.00
# Visual Studio Version 17
VisualStudioVersion = 17.3.32929.385
MinimumVisualStudioVersion = 10.0.40219.1
Project("{FAE04EC0-301F-11D3-BF4B-00C04F79EFBC}") = "Slay7_1.2", "Slay7_1.2.csproj", "{6C887613-6E80-4D7C-A4F0-7EDCECAB96F7}"
EndProject
Global
	GlobalSection(SolutionConfigurationPlatforms) = preSolution
		Debug|Any CPU = Debug|Any CPU
		Release|Any CPU = Release|Any CPU
	EndGlobalSection
	GlobalSection(ProjectConfigurationPlatforms) = postSolution
		{6C887613-6E80-4D7C-A4F0-7EDCECAB96F7}.Debug|Any CPU.ActiveCfg = Debug|Any CPU
		{6C887613-6E80-4D7C-A4F0-7EDCECAB96F7}.Debug|Any CPU.Build.0 = Debug|Any CPU
		{6C887613-6E80-4D7C-A4F0-7EDCECAB96F7}.Release|Any CPU.ActiveCfg = Release|Any CPU
		{6C887613-6E80-4D7C-A4F0-7EDCECAB96F7}.Release|Any CPU.Build.0 = Release|Any CPU
	EndGlobalSection
	GlobalSection(SolutionProperties) = preSolution
		HideSolutionNode = FALSE
	EndGlobalSection
	GlobalSection(ExtensibilityGlobals) = postSolution
		SolutionGuid = {6D963520-01C2-4DA8-BCE3-35EFF762A2FE}
	EndGlobalSection
EndGlobal
