
Microsoft Visual Studio Solution File, Format Version 12.00
# Visual Studio Version 17
VisualStudioVersion = 17.3.32929.385
MinimumVisualStudioVersion = 10.0.40219.1
Project("{FAE04EC0-301F-11D3-BF4B-00C04F79EFBC}") = "Slay9_1.11", "Slay9_1.11.csproj", "{1910FAB8-9FA6-4186-8874-2925F2E0A00B}"
EndProject
Global
	GlobalSection(SolutionConfigurationPlatforms) = preSolution
		Debug|Any CPU = Debug|Any CPU
		Release|Any CPU = Release|Any CPU
	EndGlobalSection
	GlobalSection(ProjectConfigurationPlatforms) = postSolution
		{1910FAB8-9FA6-4186-8874-2925F2E0A00B}.Debug|Any CPU.ActiveCfg = Debug|Any CPU
		{1910FAB8-9FA6-4186-8874-2925F2E0A00B}.Debug|Any CPU.Build.0 = Debug|Any CPU
		{1910FAB8-9FA6-4186-8874-2925F2E0A00B}.Release|Any CPU.ActiveCfg = Release|Any CPU
		{1910FAB8-9FA6-4186-8874-2925F2E0A00B}.Release|Any CPU.Build.0 = Release|Any CPU
	EndGlobalSection
	GlobalSection(SolutionProperties) = preSolution
		HideSolutionNode = FALSE
	EndGlobalSection
	GlobalSection(ExtensibilityGlobals) = postSolution
		SolutionGuid = {28195D1E-2348-4BF8-BE06-CA830E5336E5}
	EndGlobalSection
EndGlobal
