
Microsoft Visual Studio Solution File, Format Version 12.00
# Visual Studio Version 17
VisualStudioVersion = 17.3.32929.385
MinimumVisualStudioVersion = 10.0.40219.1
Project("{FAE04EC0-301F-11D3-BF4B-00C04F79EFBC}") = "Slayt10_1.7", "Slayt10_1.7.csproj", "{87E22C63-C221-4FB9-9770-85FA7EC6F4B8}"
EndProject
Global
	GlobalSection(SolutionConfigurationPlatforms) = preSolution
		Debug|Any CPU = Debug|Any CPU
		Release|Any CPU = Release|Any CPU
	EndGlobalSection
	GlobalSection(ProjectConfigurationPlatforms) = postSolution
		{87E22C63-C221-4FB9-9770-85FA7EC6F4B8}.Debug|Any CPU.ActiveCfg = Debug|Any CPU
		{87E22C63-C221-4FB9-9770-85FA7EC6F4B8}.Debug|Any CPU.Build.0 = Debug|Any CPU
		{87E22C63-C221-4FB9-9770-85FA7EC6F4B8}.Release|Any CPU.ActiveCfg = Release|Any CPU
		{87E22C63-C221-4FB9-9770-85FA7EC6F4B8}.Release|Any CPU.Build.0 = Release|Any CPU
	EndGlobalSection
	GlobalSection(SolutionProperties) = preSolution
		HideSolutionNode = FALSE
	EndGlobalSection
	GlobalSection(ExtensibilityGlobals) = postSolution
		SolutionGuid = {5A34FFEC-FB32-477A-BC49-3A8CCB6D83D8}
	EndGlobalSection
EndGlobal
